// !$*UTF8*$!
{
	archiveVersion = 1;
	classes = {
	};
	objectVersion = 56;
	objects = {

/* Begin PBXBuildFile section */
		B73A07B42BF15578000C9B79 /* TodoListApplicationApp.swift in Sources */ = {isa = PBXBuildFile; fileRef = B73A07B32BF15578000C9B79 /* TodoListApplicationApp.swift */; };
		B73A07B62BF15578000C9B79 /* MainView.swift in Sources */ = {isa = PBXBuildFile; fileRef = B73A07B52BF15578000C9B79 /* MainView.swift */; };
		B73A07B82BF15579000C9B79 /* Assets.xcassets in Resources */ = {isa = PBXBuildFile; fileRef = B73A07B72BF15579000C9B79 /* Assets.xcassets */; };
		B73A07BB2BF15579000C9B79 /* Preview Assets.xcassets in Resources */ = {isa = PBXBuildFile; fileRef = B73A07BA2BF15579000C9B79 /* Preview Assets.xcassets */; };
		B73A07DF2BF155BA000C9B79 /* Extensions.swift in Sources */ = {isa = PBXBuildFile; fileRef = B73A07C42BF155BA000C9B79 /* Extensions.swift */; };
		B73A07E02BF155BA000C9B79 /* GoogleService-Info.plist in Resources */ = {isa = PBXBuildFile; fileRef = B73A07C52BF155BA000C9B79 /* GoogleService-Info.plist */; };
		B73A07E22BF155BA000C9B79 /* HeaderView.swift in Sources */ = {isa = PBXBuildFile; fileRef = B73A07C82BF155BA000C9B79 /* HeaderView.swift */; };
		B73A07E32BF155BA000C9B79 /* LogInView.swift in Sources */ = {isa = PBXBuildFile; fileRef = B73A07C92BF155BA000C9B79 /* LogInView.swift */; };
		B73A07E52BF155BA000C9B79 /* NewItemView.swift in Sources */ = {isa = PBXBuildFile; fileRef = B73A07CB2BF155BA000C9B79 /* NewItemView.swift */; };
		B73A07E62BF155BA000C9B79 /* ProfileView.swift in Sources */ = {isa = PBXBuildFile; fileRef = B73A07CC2BF155BA000C9B79 /* ProfileView.swift */; };
		B73A07E72BF155BA000C9B79 /* RegisterView.swift in Sources */ = {isa = PBXBuildFile; fileRef = B73A07CD2BF155BA000C9B79 /* RegisterView.swift */; };
		B73A07E82BF155BA000C9B79 /* TLButton.swift in Sources */ = {isa = PBXBuildFile; fileRef = B73A07CE2BF155BA000C9B79 /* TLButton.swift */; };
		B73A07E92BF155BA000C9B79 /* TodoListItemView.swift in Sources */ = {isa = PBXBuildFile; fileRef = B73A07CF2BF155BA000C9B79 /* TodoListItemView.swift */; };
		B73A07EA2BF155BA000C9B79 /* TodoListView.swift in Sources */ = {isa = PBXBuildFile; fileRef = B73A07D02BF155BA000C9B79 /* TodoListView.swift */; };
		B73A07EB2BF155BA000C9B79 /* LoginViewViewModel.swift in Sources */ = {isa = PBXBuildFile; fileRef = B73A07D22BF155BA000C9B79 /* LoginViewViewModel.swift */; };
		B73A07EC2BF155BA000C9B79 /* MainViewViewModel.swift in Sources */ = {isa = PBXBuildFile; fileRef = B73A07D32BF155BA000C9B79 /* MainViewViewModel.swift */; };
		B73A07ED2BF155BA000C9B79 /* NewItemViewViewModel.swift in Sources */ = {isa = PBXBuildFile; fileRef = B73A07D42BF155BA000C9B79 /* NewItemViewViewModel.swift */; };
		B73A07EE2BF155BA000C9B79 /* ProfileViewViewModel.swift in Sources */ = {isa = PBXBuildFile; fileRef = B73A07D52BF155BA000C9B79 /* ProfileViewViewModel.swift */; };
		B73A07EF2BF155BA000C9B79 /* RegisterViewViewModel.swift in Sources */ = {isa = PBXBuildFile; fileRef = B73A07D62BF155BA000C9B79 /* RegisterViewViewModel.swift */; };
		B73A07F02BF155BA000C9B79 /* TodoListItemViewViewModel.swift in Sources */ = {isa = PBXBuildFile; fileRef = B73A07D72BF155BA000C9B79 /* TodoListItemViewViewModel.swift */; };
		B73A07F12BF155BA000C9B79 /* TodoListViewViewModel.swift in Sources */ = {isa = PBXBuildFile; fileRef = B73A07D82BF155BA000C9B79 /* TodoListViewViewModel.swift */; };
		B73A07F22BF155BA000C9B79 /* TodoListItem.swift in Sources */ = {isa = PBXBuildFile; fileRef = B73A07DA2BF155BA000C9B79 /* TodoListItem.swift */; };
		B73A07F32BF155BA000C9B79 /* User.swift in Sources */ = {isa = PBXBuildFile; fileRef = B73A07DB2BF155BA000C9B79 /* User.swift */; };
		B73A07F62BF1566E000C9B79 /* FirebaseAuth in Frameworks */ = {isa = PBXBuildFile; productRef = B73A07F52BF1566E000C9B79 /* FirebaseAuth */; };
		B73A07F82BF1566E000C9B79 /* FirebaseFirestore in Frameworks */ = {isa = PBXBuildFile; productRef = B73A07F72BF1566E000C9B79 /* FirebaseFirestore */; };
		B73A07FA2BF1566E000C9B79 /* FirebaseFirestoreSwift in Frameworks */ = {isa = PBXBuildFile; productRef = B73A07F92BF1566E000C9B79 /* FirebaseFirestoreSwift */; };
/* End PBXBuildFile section */

/* Begin PBXFileReference section */
		B73A07B02BF15578000C9B79 /* TodoListApplication.app */ = {isa = PBXFileReference; explicitFileType = wrapper.application; includeInIndex = 0; path = TodoListApplication.app; sourceTree = BUILT_PRODUCTS_DIR; };
		B73A07B32BF15578000C9B79 /* TodoListApplicationApp.swift */ = {isa = PBXFileReference; lastKnownFileType = sourcecode.swift; path = TodoListApplicationApp.swift; sourceTree = "<group>"; };
		B73A07B52BF15578000C9B79 /* MainView.swift */ = {isa = PBXFileReference; lastKnownFileType = sourcecode.swift; name = MainView.swift; path = ../Other/MainView.swift; sourceTree = "<group>"; };
		B73A07B72BF15579000C9B79 /* Assets.xcassets */ = {isa = PBXFileReference; lastKnownFileType = folder.assetcatalog; name = Assets.xcassets; path = ../Assets.xcassets; sourceTree = "<group>"; };
		B73A07BA2BF15579000C9B79 /* Preview Assets.xcassets */ = {isa = PBXFileReference; lastKnownFileType = folder.assetcatalog; path = "Preview Assets.xcassets"; sourceTree = "<group>"; };
		B73A07C42BF155BA000C9B79 /* Extensions.swift */ = {isa = PBXFileReference; fileEncoding = 4; lastKnownFileType = sourcecode.swift; path = Extensions.swift; sourceTree = "<group>"; };
		B73A07C52BF155BA000C9B79 /* GoogleService-Info.plist */ = {isa = PBXFileReference; fileEncoding = 4; lastKnownFileType = text.plist.xml; path = "GoogleService-Info.plist"; sourceTree = "<group>"; };
		B73A07C82BF155BA000C9B79 /* HeaderView.swift */ = {isa = PBXFileReference; fileEncoding = 4; lastKnownFileType = sourcecode.swift; path = HeaderView.swift; sourceTree = "<group>"; };
		B73A07C92BF155BA000C9B79 /* LogInView.swift */ = {isa = PBXFileReference; fileEncoding = 4; lastKnownFileType = sourcecode.swift; path = LogInView.swift; sourceTree = "<group>"; };
		B73A07CB2BF155BA000C9B79 /* NewItemView.swift */ = {isa = PBXFileReference; fileEncoding = 4; lastKnownFileType = sourcecode.swift; path = NewItemView.swift; sourceTree = "<group>"; };
		B73A07CC2BF155BA000C9B79 /* ProfileView.swift */ = {isa = PBXFileReference; fileEncoding = 4; lastKnownFileType = sourcecode.swift; path = ProfileView.swift; sourceTree = "<group>"; };
		B73A07CD2BF155BA000C9B79 /* RegisterView.swift */ = {isa = PBXFileReference; fileEncoding = 4; lastKnownFileType = sourcecode.swift; path = RegisterView.swift; sourceTree = "<group>"; };
		B73A07CE2BF155BA000C9B79 /* TLButton.swift */ = {isa = PBXFileReference; fileEncoding = 4; lastKnownFileType = sourcecode.swift; path = TLButton.swift; sourceTree = "<group>"; };
		B73A07CF2BF155BA000C9B79 /* TodoListItemView.swift */ = {isa = PBXFileReference; fileEncoding = 4; lastKnownFileType = sourcecode.swift; path = TodoListItemView.swift; sourceTree = "<group>"; };
		B73A07D02BF155BA000C9B79 /* TodoListView.swift */ = {isa = PBXFileReference; fileEncoding = 4; lastKnownFileType = sourcecode.swift; path = TodoListView.swift; sourceTree = "<group>"; };
		B73A07D22BF155BA000C9B79 /* LoginViewViewModel.swift */ = {isa = PBXFileReference; fileEncoding = 4; lastKnownFileType = sourcecode.swift; path = LoginViewViewModel.swift; sourceTree = "<group>"; };
		B73A07D32BF155BA000C9B79 /* MainViewViewModel.swift */ = {isa = PBXFileReference; fileEncoding = 4; lastKnownFileType = sourcecode.swift; path = MainViewViewModel.swift; sourceTree = "<group>"; };
		B73A07D42BF155BA000C9B79 /* NewItemViewViewModel.swift */ = {isa = PBXFileReference; fileEncoding = 4; lastKnownFileType = sourcecode.swift; path = NewItemViewViewModel.swift; sourceTree = "<group>"; };
		B73A07D52BF155BA000C9B79 /* ProfileViewViewModel.swift */ = {isa = PBXFileReference; fileEncoding = 4; lastKnownFileType = sourcecode.swift; path = ProfileViewViewModel.swift; sourceTree = "<group>"; };
		B73A07D62BF155BA000C9B79 /* RegisterViewViewModel.swift */ = {isa = PBXFileReference; fileEncoding = 4; lastKnownFileType = sourcecode.swift; path = RegisterViewViewModel.swift; sourceTree = "<group>"; };
		B73A07D72BF155BA000C9B79 /* TodoListItemViewViewModel.swift */ = {isa = PBXFileReference; fileEncoding = 4; lastKnownFileType = sourcecode.swift; path = TodoListItemViewViewModel.swift; sourceTree = "<group>"; };
		B73A07D82BF155BA000C9B79 /* TodoListViewViewModel.swift */ = {isa = PBXFileReference; fileEncoding = 4; lastKnownFileType = sourcecode.swift; path = TodoListViewViewModel.swift; sourceTree = "<group>"; };
		B73A07DA2BF155BA000C9B79 /* TodoListItem.swift */ = {isa = PBXFileReference; fileEncoding = 4; lastKnownFileType = sourcecode.swift; path = TodoListItem.swift; sourceTree = "<group>"; };
		B73A07DB2BF155BA000C9B79 /* User.swift */ = {isa = PBXFileReference; fileEncoding = 4; lastKnownFileType = sourcecode.swift; path = User.swift; sourceTree = "<group>"; };
/* End PBXFileReference section */

/* Begin PBXFrameworksBuildPhase section */
		B73A07AD2BF15578000C9B79 /* Frameworks */ = {
			isa = PBXFrameworksBuildPhase;
			buildActionMask = 2147483647;
			files = (
				B73A07F62BF1566E000C9B79 /* FirebaseAuth in Frameworks */,
				B73A07F82BF1566E000C9B79 /* FirebaseFirestore in Frameworks */,
				B73A07FA2BF1566E000C9B79 /* FirebaseFirestoreSwift in Frameworks */,
			);
			runOnlyForDeploymentPostprocessing = 0;
		};
/* End PBXFrameworksBuildPhase section */

/* Begin PBXGroup section */
		B73A07A72BF15578000C9B79 = {
			isa = PBXGroup;
			children = (
				B73A07B22BF15578000C9B79 /* TodoListApplication */,
				B73A07B12BF15578000C9B79 /* Products */,
			);
			sourceTree = "<group>";
		};
		B73A07B12BF15578000C9B79 /* Products */ = {
			isa = PBXGroup;
			children = (
				B73A07B02BF15578000C9B79 /* TodoListApplication.app */,
			);
			name = Products;
			sourceTree = "<group>";
		};
		B73A07B22BF15578000C9B79 /* TodoListApplication */ = {
			isa = PBXGroup;
			children = (
				B73A07DC2BF155BA000C9B79 /* Models */,
				B73A07C72BF155BA000C9B79 /* Other */,
				B73A07D92BF155BA000C9B79 /* ViewModels */,
				B73A07D12BF155BA000C9B79 /* Views */,
				B73A07B92BF15579000C9B79 /* Preview Content */,
			);
			path = TodoListApplication;
			sourceTree = "<group>";
		};
		B73A07B92BF15579000C9B79 /* Preview Content */ = {
			isa = PBXGroup;
			children = (
				B73A07BA2BF15579000C9B79 /* Preview Assets.xcassets */,
			);
			path = "Preview Content";
			sourceTree = "<group>";
		};
		B73A07C72BF155BA000C9B79 /* Other */ = {
			isa = PBXGroup;
			children = (
				B73A07B72BF15579000C9B79 /* Assets.xcassets */,
				B73A07C42BF155BA000C9B79 /* Extensions.swift */,
				B73A07B32BF15578000C9B79 /* TodoListApplicationApp.swift */,
				B73A07C52BF155BA000C9B79 /* GoogleService-Info.plist */,
			);
			path = Other;
			sourceTree = "<group>";
		};
		B73A07D12BF155BA000C9B79 /* Views */ = {
			isa = PBXGroup;
			children = (
				B73A07B52BF15578000C9B79 /* MainView.swift */,
				B73A07C82BF155BA000C9B79 /* HeaderView.swift */,
				B73A07C92BF155BA000C9B79 /* LogInView.swift */,
				B73A07CB2BF155BA000C9B79 /* NewItemView.swift */,
				B73A07CC2BF155BA000C9B79 /* ProfileView.swift */,
				B73A07CD2BF155BA000C9B79 /* RegisterView.swift */,
				B73A07CE2BF155BA000C9B79 /* TLButton.swift */,
				B73A07CF2BF155BA000C9B79 /* TodoListItemView.swift */,
				B73A07D02BF155BA000C9B79 /* TodoListView.swift */,
			);
			path = Views;
			sourceTree = "<group>";
		};
		B73A07D92BF155BA000C9B79 /* ViewModels */ = {
			isa = PBXGroup;
			children = (
				B73A07D22BF155BA000C9B79 /* LoginViewViewModel.swift */,
				B73A07D32BF155BA000C9B79 /* MainViewViewModel.swift */,
				B73A07D42BF155BA000C9B79 /* NewItemViewViewModel.swift */,
				B73A07D52BF155BA000C9B79 /* ProfileViewViewModel.swift */,
				B73A07D62BF155BA000C9B79 /* RegisterViewViewModel.swift */,
				B73A07D72BF155BA000C9B79 /* TodoListItemViewViewModel.swift */,
				B73A07D82BF155BA000C9B79 /* TodoListViewViewModel.swift */,
			);
			path = ViewModels;
			sourceTree = "<group>";
		};
		B73A07DC2BF155BA000C9B79 /* Models */ = {
			isa = PBXGroup;
			children = (
				B73A07DA2BF155BA000C9B79 /* TodoListItem.swift */,
				B73A07DB2BF155BA000C9B79 /* User.swift */,
			);
			path = Models;
			sourceTree = "<group>";
		};
/* End PBXGroup section */

/* Begin PBXNativeTarget section */
		B73A07AF2BF15578000C9B79 /* TodoListApplication */ = {
			isa = PBXNativeTarget;
			buildConfigurationList = B73A07BE2BF15579000C9B79 /* Build configuration list for PBXNativeTarget "TodoListApplication" */;
			buildPhases = (
				B73A07AC2BF15578000C9B79 /* Sources */,
				B73A07AD2BF15578000C9B79 /* Frameworks */,
				B73A07AE2BF15578000C9B79 /* Resources */,
			);
			buildRules = (
			);
			dependencies = (
			);
			name = TodoListApplication;
			packageProductDependencies = (
				B73A07F52BF1566E000C9B79 /* FirebaseAuth */,
				B73A07F72BF1566E000C9B79 /* FirebaseFirestore */,
				B73A07F92BF1566E000C9B79 /* FirebaseFirestoreSwift */,
			);
			productName = TodoListApplication;
			productReference = B73A07B02BF15578000C9B79 /* TodoListApplication.app */;
			productType = "com.apple.product-type.application";
		};
/* End PBXNativeTarget section */

/* Begin PBXProject section */
		B73A07A82BF15578000C9B79 /* Project object */ = {
			isa = PBXProject;
			attributes = {
				BuildIndependentTargetsInParallel = 1;
				LastSwiftUpdateCheck = 1530;
				LastUpgradeCheck = 1530;
				TargetAttributes = {
					B73A07AF2BF15578000C9B79 = {
						CreatedOnToolsVersion = 15.3;
					};
				};
			};
			buildConfigurationList = B73A07AB2BF15578000C9B79 /* Build configuration list for PBXProject "TodoListApplication" */;
			compatibilityVersion = "Xcode 14.0";
			developmentRegion = en;
			hasScannedForEncodings = 0;
			knownRegions = (
				en,
				Base,
			);
			mainGroup = B73A07A72BF15578000C9B79;
			packageReferences = (
				B73A07F42BF1566E000C9B79 /* XCRemoteSwiftPackageReference "firebase-ios-sdk" */,
			);
			productRefGroup = B73A07B12BF15578000C9B79 /* Products */;
			projectDirPath = "";
			projectRoot = "";
			targets = (
				B73A07AF2BF15578000C9B79 /* TodoListApplication */,
			);
		};
/* End PBXProject section */

/* Begin PBXResourcesBuildPhase section */
		B73A07AE2BF15578000C9B79 /* Resources */ = {
			isa = PBXResourcesBuildPhase;
			buildActionMask = 2147483647;
			files = (
				B73A07BB2BF15579000C9B79 /* Preview Assets.xcassets in Resources */,
				B73A07E02BF155BA000C9B79 /* GoogleService-Info.plist in Resources */,
				B73A07B82BF15579000C9B79 /* Assets.xcassets in Resources */,
			);
			runOnlyForDeploymentPostprocessing = 0;
		};
/* End PBXResourcesBuildPhase section */

/* Begin PBXSourcesBuildPhase section */
		B73A07AC2BF15578000C9B79 /* Sources */ = {
			isa = PBXSourcesBuildPhase;
			buildActionMask = 2147483647;
			files = (
				B73A07E52BF155BA000C9B79 /* NewItemView.swift in Sources */,
				B73A07EB2BF155BA000C9B79 /* LoginViewViewModel.swift in Sources */,
				B73A07E72BF155BA000C9B79 /* RegisterView.swift in Sources */,
				B73A07E62BF155BA000C9B79 /* ProfileView.swift in Sources */,
				B73A07EA2BF155BA000C9B79 /* TodoListView.swift in Sources */,
				B73A07ED2BF155BA000C9B79 /* NewItemViewViewModel.swift in Sources */,
				B73A07E32BF155BA000C9B79 /* LogInView.swift in Sources */,
				B73A07EF2BF155BA000C9B79 /* RegisterViewViewModel.swift in Sources */,
				B73A07E82BF155BA000C9B79 /* TLButton.swift in Sources */,
				B73A07F32BF155BA000C9B79 /* User.swift in Sources */,
				B73A07EC2BF155BA000C9B79 /* MainViewViewModel.swift in Sources */,
				B73A07F12BF155BA000C9B79 /* TodoListViewViewModel.swift in Sources */,
				B73A07E22BF155BA000C9B79 /* HeaderView.swift in Sources */,
				B73A07B62BF15578000C9B79 /* MainView.swift in Sources */,
				B73A07F02BF155BA000C9B79 /* TodoListItemViewViewModel.swift in Sources */,
				B73A07DF2BF155BA000C9B79 /* Extensions.swift in Sources */,
				B73A07E92BF155BA000C9B79 /* TodoListItemView.swift in Sources */,
				B73A07EE2BF155BA000C9B79 /* ProfileViewViewModel.swift in Sources */,
				B73A07F22BF155BA000C9B79 /* TodoListItem.swift in Sources */,
				B73A07B42BF15578000C9B79 /* TodoListApplicationApp.swift in Sources */,
			);
			runOnlyForDeploymentPostprocessing = 0;
		};
/* End PBXSourcesBuildPhase section */

/* Begin XCBuildConfiguration section */
		B73A07BC2BF15579000C9B79 /* Debug */ = {
			isa = XCBuildConfiguration;
			buildSettings = {
				ALWAYS_SEARCH_USER_PATHS = NO;
				ASSETCATALOG_COMPILER_GENERATE_SWIFT_ASSET_SYMBOL_EXTENSIONS = YES;
				CLANG_ANALYZER_NONNULL = YES;
				CLANG_ANALYZER_NUMBER_OBJECT_CONVERSION = YES_AGGRESSIVE;
				CLANG_CXX_LANGUAGE_STANDARD = "gnu++20";
				CLANG_ENABLE_MODULES = YES;
				CLANG_ENABLE_OBJC_ARC = YES;
				CLANG_ENABLE_OBJC_WEAK = YES;
				CLANG_WARN_BLOCK_CAPTURE_AUTORELEASING = YES;
				CLANG_WARN_BOOL_CONVERSION = YES;
				CLANG_WARN_COMMA = YES;
				CLANG_WARN_CONSTANT_CONVERSION = YES;
				CLANG_WARN_DEPRECATED_OBJC_IMPLEMENTATIONS = YES;
				CLANG_WARN_DIRECT_OBJC_ISA_USAGE = YES_ERROR;
				CLANG_WARN_DOCUMENTATION_COMMENTS = YES;
				CLANG_WARN_EMPTY_BODY = YES;
				CLANG_WARN_ENUM_CONVERSION = YES;
				CLANG_WARN_INFINITE_RECURSION = YES;
				CLANG_WARN_INT_CONVERSION = YES;
				CLANG_WARN_NON_LITERAL_NULL_CONVERSION = YES;
				CLANG_WARN_OBJC_IMPLICIT_RETAIN_SELF = YES;
				CLANG_WARN_OBJC_LITERAL_CONVERSION = YES;
				CLANG_WARN_OBJC_ROOT_CLASS = YES_ERROR;
				CLANG_WARN_QUOTED_INCLUDE_IN_FRAMEWORK_HEADER = YES;
				CLANG_WARN_RANGE_LOOP_ANALYSIS = YES;
				CLANG_WARN_STRICT_PROTOTYPES = YES;
				CLANG_WARN_SUSPICIOUS_MOVE = YES;
				CLANG_WARN_UNGUARDED_AVAILABILITY = YES_AGGRESSIVE;
				CLANG_WARN_UNREACHABLE_CODE = YES;
				CLANG_WARN__DUPLICATE_METHOD_MATCH = YES;
				COPY_PHASE_STRIP = NO;
				DEBUG_INFORMATION_FORMAT = dwarf;
				ENABLE_STRICT_OBJC_MSGSEND = YES;
				ENABLE_TESTABILITY = YES;
				ENABLE_USER_SCRIPT_SANDBOXING = YES;
				GCC_C_LANGUAGE_STANDARD = gnu17;
				GCC_DYNAMIC_NO_PIC = NO;
				GCC_NO_COMMON_BLOCKS = YES;
				GCC_OPTIMIZATION_LEVEL = 0;
				GCC_PREPROCESSOR_DEFINITIONS = (
					"DEBUG=1",
					"$(inherited)",
				);
				GCC_WARN_64_TO_32_BIT_CONVERSION = YES;
				GCC_WARN_ABOUT_RETURN_TYPE = YES_ERROR;
				GCC_WARN_UNDECLARED_SELECTOR = YES;
				GCC_WARN_UNINITIALIZED_AUTOS = YES_AGGRESSIVE;
				GCC_WARN_UNUSED_FUNCTION = YES;
				GCC_WARN_UNUSED_VARIABLE = YES;
				IPHONEOS_DEPLOYMENT_TARGET = 17.4;
				LOCALIZATION_PREFERS_STRING_CATALOGS = YES;
				MTL_ENABLE_DEBUG_INFO = INCLUDE_SOURCE;
				MTL_FAST_MATH = YES;
				ONLY_ACTIVE_ARCH = YES;
				SDKROOT = iphoneos;
				SWIFT_ACTIVE_COMPILATION_CONDITIONS = "DEBUG $(inherited)";
				SWIFT_OPTIMIZATION_LEVEL = "-Onone";
			};
			name = Debug;
		};
		B73A07BD2BF15579000C9B79 /* Release */ = {
			isa = XCBuildConfiguration;
			buildSettings = {
				ALWAYS_SEARCH_USER_PATHS = NO;
				ASSETCATALOG_COMPILER_GENERATE_SWIFT_ASSET_SYMBOL_EXTENSIONS = YES;
				CLANG_ANALYZER_NONNULL = YES;
				CLANG_ANALYZER_NUMBER_OBJECT_CONVERSION = YES_AGGRESSIVE;
				CLANG_CXX_LANGUAGE_STANDARD = "gnu++20";
				CLANG_ENABLE_MODULES = YES;
				CLANG_ENABLE_OBJC_ARC = YES;
				CLANG_ENABLE_OBJC_WEAK = YES;
				CLANG_WARN_BLOCK_CAPTURE_AUTORELEASING = YES;
				CLANG_WARN_BOOL_CONVERSION = YES;
				CLANG_WARN_COMMA = YES;
				CLANG_WARN_CONSTANT_CONVERSION = YES;
				CLANG_WARN_DEPRECATED_OBJC_IMPLEMENTATIONS = YES;
				CLANG_WARN_DIRECT_OBJC_ISA_USAGE = YES_ERROR;
				CLANG_WARN_DOCUMENTATION_COMMENTS = YES;
				CLANG_WARN_EMPTY_BODY = YES;
				CLANG_WARN_ENUM_CONVERSION = YES;
				CLANG_WARN_INFINITE_RECURSION = YES;
				CLANG_WARN_INT_CONVERSION = YES;
				CLANG_WARN_NON_LITERAL_NULL_CONVERSION = YES;
				CLANG_WARN_OBJC_IMPLICIT_RETAIN_SELF = YES;
				CLANG_WARN_OBJC_LITERAL_CONVERSION = YES;
				CLANG_WARN_OBJC_ROOT_CLASS = YES_ERROR;
				CLANG_WARN_QUOTED_INCLUDE_IN_FRAMEWORK_HEADER = YES;
				CLANG_WARN_RANGE_LOOP_ANALYSIS = YES;
				CLANG_WARN_STRICT_PROTOTYPES = YES;
				CLANG_WARN_SUSPICIOUS_MOVE = YES;
				CLANG_WARN_UNGUARDED_AVAILABILITY = YES_AGGRESSIVE;
				CLANG_WARN_UNREACHABLE_CODE = YES;
				CLANG_WARN__DUPLICATE_METHOD_MATCH = YES;
				COPY_PHASE_STRIP = NO;
				DEBUG_INFORMATION_FORMAT = "dwarf-with-dsym";
				ENABLE_NS_ASSERTIONS = NO;
				ENABLE_STRICT_OBJC_MSGSEND = YES;
				ENABLE_USER_SCRIPT_SANDBOXING = YES;
				GCC_C_LANGUAGE_STANDARD = gnu17;
				GCC_NO_COMMON_BLOCKS = YES;
				GCC_WARN_64_TO_32_BIT_CONVERSION = YES;
				GCC_WARN_ABOUT_RETURN_TYPE = YES_ERROR;
				GCC_WARN_UNDECLARED_SELECTOR = YES;
				GCC_WARN_UNINITIALIZED_AUTOS = YES_AGGRESSIVE;
				GCC_WARN_UNUSED_FUNCTION = YES;
				GCC_WARN_UNUSED_VARIABLE = YES;
				IPHONEOS_DEPLOYMENT_TARGET = 17.4;
				LOCALIZATION_PREFERS_STRING_CATALOGS = YES;
				MTL_ENABLE_DEBUG_INFO = NO;
				MTL_FAST_MATH = YES;
				SDKROOT = iphoneos;
				SWIFT_COMPILATION_MODE = wholemodule;
				VALIDATE_PRODUCT = YES;
			};
			name = Release;
		};
		B73A07BF2BF15579000C9B79 /* Debug */ = {
			isa = XCBuildConfiguration;
			buildSettings = {
				ASSETCATALOG_COMPILER_APPICON_NAME = AppIcon;
				ASSETCATALOG_COMPILER_GLOBAL_ACCENT_COLOR_NAME = AccentColor;
				CODE_SIGN_STYLE = Automatic;
				CURRENT_PROJECT_VERSION = 1;
				DEVELOPMENT_ASSET_PATHS = "\"TodoListApplication/Preview Content\"";
				DEVELOPMENT_TEAM = FZMB38MQ7K;
				ENABLE_PREVIEWS = YES;
				GENERATE_INFOPLIST_FILE = YES;
				INFOPLIST_KEY_UIApplicationSceneManifest_Generation = YES;
				INFOPLIST_KEY_UIApplicationSupportsIndirectInputEvents = YES;
				INFOPLIST_KEY_UILaunchScreen_Generation = YES;
				INFOPLIST_KEY_UISupportedInterfaceOrientations_iPad = "UIInterfaceOrientationPortrait UIInterfaceOrientationPortraitUpsideDown UIInterfaceOrientationLandscapeLeft UIInterfaceOrientationLandscapeRight";
				INFOPLIST_KEY_UISupportedInterfaceOrientations_iPhone = "UIInterfaceOrientationPortrait UIInterfaceOrientationLandscapeLeft UIInterfaceOrientationLandscapeRight";
				LD_RUNPATH_SEARCH_PATHS = (
					"$(inherited)",
					"@executable_path/Frameworks",
				);
				MARKETING_VERSION = 1.0;
				PRODUCT_BUNDLE_IDENTIFIER = RealApps.TodoListApplication;
				PRODUCT_NAME = "$(TARGET_NAME)";
				SWIFT_EMIT_LOC_STRINGS = YES;
				SWIFT_VERSION = 5.0;
				TARGETED_DEVICE_FAMILY = "1,2";
			};
			name = Debug;
		};
		B73A07C02BF15579000C9B79 /* Release */ = {
			isa = XCBuildConfiguration;
			buildSettings = {
				ASSETCATALOG_COMPILER_APPICON_NAME = AppIcon;
				ASSETCATALOG_COMPILER_GLOBAL_ACCENT_COLOR_NAME = AccentColor;
				CODE_SIGN_STYLE = Automatic;
				CURRENT_PROJECT_VERSION = 1;
				DEVELOPMENT_ASSET_PATHS = "\"TodoListApplication/Preview Content\"";
				DEVELOPMENT_TEAM = FZMB38MQ7K;
				ENABLE_PREVIEWS = YES;
				GENERATE_INFOPLIST_FILE = YES;
				INFOPLIST_KEY_UIApplicationSceneManifest_Generation = YES;
				INFOPLIST_KEY_UIApplicationSupportsIndirectInputEvents = YES;
				INFOPLIST_KEY_UILaunchScreen_Generation = YES;
				INFOPLIST_KEY_UISupportedInterfaceOrientations_iPad = "UIInterfaceOrientationPortrait UIInterfaceOrientationPortraitUpsideDown UIInterfaceOrientationLandscapeLeft UIInterfaceOrientationLandscapeRight";
				INFOPLIST_KEY_UISupportedInterfaceOrientations_iPhone = "UIInterfaceOrientationPortrait UIInterfaceOrientationLandscapeLeft UIInterfaceOrientationLandscapeRight";
				LD_RUNPATH_SEARCH_PATHS = (
					"$(inherited)",
					"@executable_path/Frameworks",
				);
				MARKETING_VERSION = 1.0;
				PRODUCT_BUNDLE_IDENTIFIER = RealApps.TodoListApplication;
				PRODUCT_NAME = "$(TARGET_NAME)";
				SWIFT_EMIT_LOC_STRINGS = YES;
				SWIFT_VERSION = 5.0;
				TARGETED_DEVICE_FAMILY = "1,2";
			};
			name = Release;
		};
/* End XCBuildConfiguration section */

/* Begin XCConfigurationList section */
		B73A07AB2BF15578000C9B79 /* Build configuration list for PBXProject "TodoListApplication" */ = {
			isa = XCConfigurationList;
			buildConfigurations = (
				B73A07BC2BF15579000C9B79 /* Debug */,
				B73A07BD2BF15579000C9B79 /* Release */,
			);
			defaultConfigurationIsVisible = 0;
			defaultConfigurationName = Release;
		};
		B73A07BE2BF15579000C9B79 /* Build configuration list for PBXNativeTarget "TodoListApplication" */ = {
			isa = XCConfigurationList;
			buildConfigurations = (
				B73A07BF2BF15579000C9B79 /* Debug */,
				B73A07C02BF15579000C9B79 /* Release */,
			);
			defaultConfigurationIsVisible = 0;
			defaultConfigurationName = Release;
		};
/* End XCConfigurationList section */

/* Begin XCRemoteSwiftPackageReference section */
		B73A07F42BF1566E000C9B79 /* XCRemoteSwiftPackageReference "firebase-ios-sdk" */ = {
			isa = XCRemoteSwiftPackageReference;
			repositoryURL = "https://github.com/firebase/firebase-ios-sdk";
			requirement = {
				kind = upToNextMajorVersion;
				minimumVersion = 10.25.0;
			};
		};
/* End XCRemoteSwiftPackageReference section */

/* Begin XCSwiftPackageProductDependency section */
		B73A07F52BF1566E000C9B79 /* FirebaseAuth */ = {
			isa = XCSwiftPackageProductDependency;
			package = B73A07F42BF1566E000C9B79 /* XCRemoteSwiftPackageReference "firebase-ios-sdk" */;
			productName = FirebaseAuth;
		};
		B73A07F72BF1566E000C9B79 /* FirebaseFirestore */ = {
			isa = XCSwiftPackageProductDependency;
			package = B73A07F42BF1566E000C9B79 /* XCRemoteSwiftPackageReference "firebase-ios-sdk" */;
			productName = FirebaseFirestore;
		};
		B73A07F92BF1566E000C9B79 /* FirebaseFirestoreSwift */ = {
			isa = XCSwiftPackageProductDependency;
			package = B73A07F42BF1566E000C9B79 /* XCRemoteSwiftPackageReference "firebase-ios-sdk" */;
			productName = FirebaseFirestoreSwift;
		};
/* End XCSwiftPackageProductDependency section */
	};
	rootObject = B73A07A82BF15578000C9B79 /* Project object */;
}
